
Microsoft Visual Studio Solution File, Format Version 11.00
# Visual Studio 2010
Project("{FAE04EC0-301F-11D3-BF4B-00C04F79EFBC}") = "fire-side-tech-talk", "Assembly-CSharp.csproj", "{45DEF602-723B-2726-93B2-A6029C521136}"
EndProject
Project("{FAE04EC0-301F-11D3-BF4B-00C04F79EFBC}") = "fire-side-tech-talk", "Assembly-CSharp-Editor.csproj", "{A885BAF5-3956-E0D2-A6FB-A9DEAE5B152E}"
EndProject
Global
	GlobalSection(SolutionConfigurationPlatforms) = preSolution
		Debug|Any CPU = Debug|Any CPU
		Release|Any CPU = Release|Any CPU
	EndGlobalSection
	GlobalSection(ProjectConfigurationPlatforms) = postSolution
		{45DEF602-723B-2726-93B2-A6029C521136}.Debug|Any CPU.ActiveCfg = Debug|Any CPU
		{45DEF602-723B-2726-93B2-A6029C521136}.Debug|Any CPU.Build.0 = Debug|Any CPU
		{45DEF602-723B-2726-93B2-A6029C521136}.Release|Any CPU.ActiveCfg = Release|Any CPU
		{45DEF602-723B-2726-93B2-A6029C521136}.Release|Any CPU.Build.0 = Release|Any CPU
		{A885BAF5-3956-E0D2-A6FB-A9DEAE5B152E}.Debug|Any CPU.ActiveCfg = Debug|Any CPU
		{A885BAF5-3956-E0D2-A6FB-A9DEAE5B152E}.Debug|Any CPU.Build.0 = Debug|Any CPU
		{A885BAF5-3956-E0D2-A6FB-A9DEAE5B152E}.Release|Any CPU.ActiveCfg = Release|Any CPU
		{A885BAF5-3956-E0D2-A6FB-A9DEAE5B152E}.Release|Any CPU.Build.0 = Release|Any CPU
	EndGlobalSection
	GlobalSection(SolutionProperties) = preSolution
		HideSolutionNode = FALSE
	EndGlobalSection
	GlobalSection(MonoDevelopProperties) = preSolution
		StartupItem = Assembly-CSharp.csproj
	EndGlobalSection
EndGlobal
